
Microsoft Visual Studio Solution File, Format Version 12.00
# Visual Studio Version 17
VisualStudioVersion = 17.3.32901.215
MinimumVisualStudioVersion = 10.0.40219.1
Project("{FAE04EC0-301F-11D3-BF4B-00C04F79EFBC}") = "math sınıfı", "math sınıfı\math sınıfı.csproj", "{CC7B8340-F4D9-424F-AE03-6B6782AA1FD0}"
EndProject
Global
	GlobalSection(SolutionConfigurationPlatforms) = preSolution
		Debug|Any CPU = Debug|Any CPU
		Release|Any CPU = Release|Any CPU
	EndGlobalSection
	GlobalSection(ProjectConfigurationPlatforms) = postSolution
		{CC7B8340-F4D9-424F-AE03-6B6782AA1FD0}.Debug|Any CPU.ActiveCfg = Debug|Any CPU
		{CC7B8340-F4D9-424F-AE03-6B6782AA1FD0}.Debug|Any CPU.Build.0 = Debug|Any CPU
		{CC7B8340-F4D9-424F-AE03-6B6782AA1FD0}.Release|Any CPU.ActiveCfg = Release|Any CPU
		{CC7B8340-F4D9-424F-AE03-6B6782AA1FD0}.Release|Any CPU.Build.0 = Release|Any CPU
	EndGlobalSection
	GlobalSection(SolutionProperties) = preSolution
		HideSolutionNode = FALSE
	EndGlobalSection
	GlobalSection(ExtensibilityGlobals) = postSolution
		SolutionGuid = {86124D43-440B-4AFD-A08F-E01E3B1A2191}
	EndGlobalSection
EndGlobal
